
Microsoft Visual Studio Solution File, Format Version 12.00
# Visual Studio 15
VisualStudioVersion = 15.0.28307.136
MinimumVisualStudioVersion = 10.0.40219.1
Project("{FAE04EC0-301F-11D3-BF4B-00C04F79EFBC}") = "MjadbyTest", "MjadbyTest\MjadbyTest.csproj", "{C8007D29-A904-496F-BDBF-F4CC403C4E4D}"
EndProject
Global
	GlobalSection(SolutionConfigurationPlatforms) = preSolution
		Debug|Any CPU = Debug|Any CPU
		Release|Any CPU = Release|Any CPU
	EndGlobalSection
	GlobalSection(ProjectConfigurationPlatforms) = postSolution
		{C8007D29-A904-496F-BDBF-F4CC403C4E4D}.Debug|Any CPU.ActiveCfg = Debug|Any CPU
		{C8007D29-A904-496F-BDBF-F4CC403C4E4D}.Debug|Any CPU.Build.0 = Debug|Any CPU
		{C8007D29-A904-496F-BDBF-F4CC403C4E4D}.Release|Any CPU.ActiveCfg = Release|Any CPU
		{C8007D29-A904-496F-BDBF-F4CC403C4E4D}.Release|Any CPU.Build.0 = Release|Any CPU
	EndGlobalSection
	GlobalSection(SolutionProperties) = preSolution
		HideSolutionNode = FALSE
	EndGlobalSection
	GlobalSection(ExtensibilityGlobals) = postSolution
		SolutionGuid = {7AE5D49C-4496-4F8E-BE2C-8D5F91049975}
	EndGlobalSection
EndGlobal
